
Microsoft Visual Studio Solution File, Format Version 12.00
# Visual Studio Version 16
VisualStudioVersion = 16.0.31005.135
MinimumVisualStudioVersion = 10.0.40219.1
Project("{FAE04EC0-301F-11D3-BF4B-00C04F79EFBC}") = "Sample2", "..\Sample2\Sample2.csproj", "{5BB32FC2-1B22-40C8-9564-70F2B25B1416}"
EndProject
Project("{FAE04EC0-301F-11D3-BF4B-00C04F79EFBC}") = "Sample1", "..\Sample1\Sample1.csproj", "{5E22A165-D64E-4A10-97A1-4C6DDA922DE4}"
EndProject
Global
	GlobalSection(SolutionConfigurationPlatforms) = preSolution
		Debug|Any CPU = Debug|Any CPU
		Release|Any CPU = Release|Any CPU
	EndGlobalSection
	GlobalSection(ProjectConfigurationPlatforms) = postSolution
		{5BB32FC2-1B22-40C8-9564-70F2B25B1416}.Debug|Any CPU.ActiveCfg = Debug|Any CPU
		{5BB32FC2-1B22-40C8-9564-70F2B25B1416}.Debug|Any CPU.Build.0 = Debug|Any CPU
		{5BB32FC2-1B22-40C8-9564-70F2B25B1416}.Release|Any CPU.ActiveCfg = Release|Any CPU
		{5BB32FC2-1B22-40C8-9564-70F2B25B1416}.Release|Any CPU.Build.0 = Release|Any CPU
		{5E22A165-D64E-4A10-97A1-4C6DDA922DE4}.Debug|Any CPU.ActiveCfg = Debug|Any CPU
		{5E22A165-D64E-4A10-97A1-4C6DDA922DE4}.Debug|Any CPU.Build.0 = Debug|Any CPU
		{5E22A165-D64E-4A10-97A1-4C6DDA922DE4}.Release|Any CPU.ActiveCfg = Release|Any CPU
		{5E22A165-D64E-4A10-97A1-4C6DDA922DE4}.Release|Any CPU.Build.0 = Release|Any CPU
	EndGlobalSection
	GlobalSection(SolutionProperties) = preSolution
		HideSolutionNode = FALSE
	EndGlobalSection
	GlobalSection(ExtensibilityGlobals) = postSolution
		SolutionGuid = {C0B86E3C-A689-4531-94B5-2D9D35D3D429}
	EndGlobalSection
EndGlobal
